<?xml version="1.0" encoding="utf-8"?>
<Project ToolsVersion="4.0" xmlns="http://schemas.microsoft.com/developer/msbuild/2003">
  <ItemGroup>
    <Filter Include="Source Files">
      <UniqueIdentifier>{4FC737F1-C7A5-4376-A066-2A32D752A2FF}</UniqueIdentifier>
      <Extensions>cpp;c;cc;cxx;def;odl;idl;hpj;bat;asm;asmx</Extensions>
    </Filter>
    <Filter Include="Header Files">
      <UniqueIdentifier>{93995380-89BD-4b04-88EB-625FBE52EBFB}</UniqueIdentifier>
      <Extensions>h;hpp;hxx;hm;inl;inc;xsd</Extensions>
    </Filter>
    <Filter Include="Source Files\GameControl">
      <UniqueIdentifier>{bb485e30-e06e-43dc-87f2-21bbf80f06ce}</UniqueIdentifier>
    </Filter>
    <Filter Include="Header Files\GameControl">
      <UniqueIdentifier>{d5659c56-70d0-418f-89fb-8bac5e19628f}</UniqueIdentifier>
    </Filter>
    <Filter Include="Source Files\Menu">
      <UniqueIdentifier>{90420b98-0e6c-46b0-814f-8ca0a1c10bef}</UniqueIdentifier>
    </Filter>
    <Filter Include="Header Files\Menu">
      <UniqueIdentifier>{984d4c09-4322-409a-9245-af5879b0d9b5}</UniqueIdentifier>
    </Filter>
    <Filter Include="Source Files\Graphics">
      <UniqueIdentifier>{12d9c0c1-a05d-4ce5-b6ec-b0011b75277b}</UniqueIdentifier>
    </Filter>
    <Filter Include="Header Files\Graphics">
      <UniqueIdentifier>{475323bc-fb6f-4f57-9ef6-dce038800985}</UniqueIdentifier>
    </Filter>
    <Filter Include="Source Files\Version">
      <UniqueIdentifier>{798f83df-76d5-41da-8229-c2e30ff44f5e}</UniqueIdentifier>
    </Filter>
    <Filter Include="Header Files\Version">
      <UniqueIdentifier>{705e759d-c228-469d-9684-7da547b67154}</UniqueIdentifier>
    </Filter>
    <Filter Include="Source Files\Levels">
      <UniqueIdentifier>{ccb79299-3f26-45ef-936d-a1993903c7b7}</UniqueIdentifier>
    </Filter>
    <Filter Include="Source Files\HUD">
      <UniqueIdentifier>{2eaaea20-e4c4-49b0-ace6-b13e311d5e93}</UniqueIdentifier>
    </Filter>
    <Filter Include="Header Files\HUD">
      <UniqueIdentifier>{4cb822ef-dd1e-42be-a119-96539269ccce}</UniqueIdentifier>
    </Filter>
    <Filter Include="Source Files\Enemies">
      <UniqueIdentifier>{eabba98a-b3e9-4986-a58b-a29b5d31cda0}</UniqueIdentifier>
    </Filter>
    <Filter Include="Header Files\Enemies">
      <UniqueIdentifier>{b7e7ca6d-1bd1-4362-9d51-19e3c20fb3ec}</UniqueIdentifier>
    </Filter>
    <Filter Include="Header Files\RapidXML">
      <UniqueIdentifier>{bf280601-fe85-4b55-9629-4c5398fee3ed}</UniqueIdentifier>
    </Filter>
    <Filter Include="Header Files\Resource Files">
      <UniqueIdentifier>{67DA6AB6-F800-4c08-8B7A-83BB121AAD01}</UniqueIdentifier>
      <Extensions>rc;ico;cur;bmp;dlg;rc2;rct;bin;rgs;gif;jpg;jpeg;jpe;resx;tiff;tif;png;wav;mfcribbon-ms</Extensions>
    </Filter>
    <Filter Include="Header Files\Levels">
      <UniqueIdentifier>{c273ea90-d620-45c1-a418-1566a67accc8}</UniqueIdentifier>
    </Filter>
    <Filter Include="Header Files\Turrets">
      <UniqueIdentifier>{f2278ecc-c58a-4e24-abb9-242bb382ee06}</UniqueIdentifier>
    </Filter>
    <Filter Include="Source Files\Turrets">
      <UniqueIdentifier>{1ff97e73-2332-4b0e-9ded-06ba76bb2f8c}</UniqueIdentifier>
    </Filter>
  </ItemGroup>
  <ItemGroup>
    <ClInclude Include="main.h">
      <Filter>Header Files</Filter>
    </ClInclude>
    <ClInclude Include="Game.h">
      <Filter>Header Files\GameControl</Filter>
    </ClInclude>
    <ClInclude Include="Input.h">
      <Filter>Header Files\GameControl</Filter>
    </ClInclude>
    <ClInclude Include="WindowController.h">
      <Filter>Header Files\GameControl</Filter>
    </ClInclude>
    <ClInclude Include="Menu.h">
      <Filter>Header Files\Menu</Filter>
    </ClInclude>
    <ClInclude Include="MainMenu.h">
      <Filter>Header Files\Menu</Filter>
    </ClInclude>
    <ClInclude Include="Assets.h">
      <Filter>Header Files\Graphics</Filter>
    </ClInclude>
    <ClInclude Include="Version.h">
      <Filter>Header Files\Version</Filter>
    </ClInclude>
    <ClInclude Include="global.h">
      <Filter>Header Files</Filter>
    </ClInclude>
    <ClInclude Include="LoopHandler.h">
      <Filter>Header Files\GameControl</Filter>
    </ClInclude>
    <ClInclude Include="Sprite.h">
      <Filter>Header Files\Graphics</Filter>
    </ClInclude>
    <ClInclude Include="MenuItem.h">
      <Filter>Header Files\Menu</Filter>
    </ClInclude>
    <ClInclude Include="BaseLevelState.h">
      <Filter>Header Files\Levels</Filter>
    </ClInclude>
    <ClInclude Include="Wood.h">
      <Filter>Header Files\Levels</Filter>
    </ClInclude>
    <ClInclude Include="LevelFactory.h">
      <Filter>Header Files\Levels</Filter>
    </ClInclude>
    <ClInclude Include="HUD.h">
      <Filter>Header Files\HUD</Filter>
    </ClInclude>
    <ClInclude Include="HUDButton.h">
      <Filter>Header Files\HUD</Filter>
    </ClInclude>
    <ClInclude Include="PlayButton.h">
      <Filter>Header Files\HUD</Filter>
    </ClInclude>
    <ClInclude Include="Enemy.h">
      <Filter>Header Files\Enemies</Filter>
    </ClInclude>
    <ClInclude Include="Camera.h">
      <Filter>Header Files</Filter>
    </ClInclude>
    <ClInclude Include="Wave.h">
      <Filter>Header Files\Enemies</Filter>
    </ClInclude>
    <ClInclude Include="EnemyBehaviour.h">
      <Filter>Header Files\Enemies</Filter>
    </ClInclude>
    <ClInclude Include="EnemyFactory.h">
      <Filter>Header Files\Enemies</Filter>
    </ClInclude>
    <ClInclude Include="EnemyBehaviourFactory.h">
      <Filter>Header Files\Enemies</Filter>
    </ClInclude>
    <ClInclude Include="EnemyMovingBehaviour.h">
      <Filter>Header Files\Enemies</Filter>
    </ClInclude>
    <ClInclude Include="WaveFactory.h">
      <Filter>Header Files\Enemies</Filter>
    </ClInclude>
    <ClInclude Include="rapidxml.hpp">
      <Filter>Header Files\RapidXML</Filter>
    </ClInclude>
    <ClInclude Include="rapidxml_utils.hpp">
      <Filter>Header Files\RapidXML</Filter>
    </ClInclude>
    <ClInclude Include="LevelBehaviour.h">
      <Filter>Header Files\Levels</Filter>
    </ClInclude>
    <ClInclude Include="LevelBehaviourFactory.h">
      <Filter>Header Files\Levels</Filter>
    </ClInclude>
    <ClInclude Include="LevelBetweenWavesBehaviour.h">
      <Filter>Header Files\Levels</Filter>
    </ClInclude>
    <ClInclude Include="LevelInWaveBehaviour.h">
      <Filter>Header Files\Levels</Filter>
    </ClInclude>
    <ClInclude Include="Vector.h">
      <Filter>Header Files</Filter>
    </ClInclude>
    <ClInclude Include="PauseButton.h">
      <Filter>Header Files\HUD</Filter>
    </ClInclude>
    <ClInclude Include="Turret.h">
      <Filter>Header Files\Turrets</Filter>
    </ClInclude>
    <ClInclude Include="Bullet.h">
      <Filter>Header Files\Turrets</Filter>
    </ClInclude>
    <ClInclude Include="TurretFactory.h">
      <Filter>Header Files\Turrets</Filter>
    </ClInclude>
    <ClInclude Include="SoldierTurret.h">
      <Filter>Header Files\Turrets</Filter>
    </ClInclude>
    <ClInclude Include="SniperTurret.h">
      <Filter>Header Files\Turrets</Filter>
    </ClInclude>
    <ClInclude Include="TurretBehaviourFactory.h">
      <Filter>Header Files\Turrets</Filter>
    </ClInclude>
    <ClInclude Include="TurretBehaviour.h">
      <Filter>Header Files\Turrets</Filter>
    </ClInclude>
    <ClInclude Include="TurretCalmBehaviour.h">
      <Filter>Header Files\Turrets</Filter>
    </ClInclude>
    <ClInclude Include="TurretAngryBehaviour.h">
      <Filter>Header Files\Turrets</Filter>
    </ClInclude>
    <ClInclude Include="TurretContainer.h">
      <Filter>Header Files\Turrets</Filter>
    </ClInclude>
    <ClInclude Include="Random.h">
      <Filter>Header Files</Filter>
    </ClInclude>
    <ClInclude Include="Animation.h">
      <Filter>Header Files\Graphics</Filter>
    </ClInclude>
  </ItemGroup>
  <ItemGroup>
    <ClCompile Include="main.cpp">
      <Filter>Source Files</Filter>
    </ClCompile>
    <ClCompile Include="Game.cpp">
      <Filter>Source Files\GameControl</Filter>
    </ClCompile>
    <ClCompile Include="Input.cpp">
      <Filter>Source Files\GameControl</Filter>
    </ClCompile>
    <ClCompile Include="WindowController.cpp">
      <Filter>Source Files\GameControl</Filter>
    </ClCompile>
    <ClCompile Include="Menu.cpp">
      <Filter>Source Files\Menu</Filter>
    </ClCompile>
    <ClCompile Include="MainMenu.cpp">
      <Filter>Source Files\Menu</Filter>
    </ClCompile>
    <ClCompile Include="Assets.cpp">
      <Filter>Source Files\Graphics</Filter>
    </ClCompile>
    <ClCompile Include="Version.cpp">
      <Filter>Source Files\Version</Filter>
    </ClCompile>
    <ClCompile Include="global.cpp">
      <Filter>Source Files</Filter>
    </ClCompile>
    <ClCompile Include="LoopHandler.cpp">
      <Filter>Source Files\GameControl</Filter>
    </ClCompile>
    <ClCompile Include="Sprite.cpp">
      <Filter>Source Files\Graphics</Filter>
    </ClCompile>
    <ClCompile Include="MenuItem.cpp">
      <Filter>Source Files\Menu</Filter>
    </ClCompile>
    <ClCompile Include="BaseLevelState.cpp">
      <Filter>Source Files\Levels</Filter>
    </ClCompile>
    <ClCompile Include="Wood.cpp">
      <Filter>Source Files\Levels</Filter>
    </ClCompile>
    <ClCompile Include="LevelFactory.cpp">
      <Filter>Source Files\Levels</Filter>
    </ClCompile>
    <ClCompile Include="HUD.cpp">
      <Filter>Source Files\HUD</Filter>
    </ClCompile>
    <ClCompile Include="HUDButton.cpp">
      <Filter>Source Files\HUD</Filter>
    </ClCompile>
    <ClCompile Include="PlayButton.cpp">
      <Filter>Source Files\HUD</Filter>
    </ClCompile>
    <ClCompile Include="Enemy.cpp">
      <Filter>Source Files\Enemies</Filter>
    </ClCompile>
    <ClCompile Include="Camera.cpp">
      <Filter>Source Files</Filter>
    </ClCompile>
    <ClCompile Include="Wave.cpp">
      <Filter>Source Files\Enemies</Filter>
    </ClCompile>
    <ClCompile Include="EnemyBehaviour.cpp">
      <Filter>Source Files\Enemies</Filter>
    </ClCompile>
    <ClCompile Include="EnemyFactory.cpp">
      <Filter>Source Files\Enemies</Filter>
    </ClCompile>
    <ClCompile Include="EnemyBehaviourFactory.cpp">
      <Filter>Source Files\Enemies</Filter>
    </ClCompile>
    <ClCompile Include="EnemyMovingBehaviour.cpp">
      <Filter>Source Files\Enemies</Filter>
    </ClCompile>
    <ClCompile Include="WaveFactory.cpp">
      <Filter>Source Files\Enemies</Filter>
    </ClCompile>
    <ClCompile Include="LevelBehaviour.cpp">
      <Filter>Source Files\Levels</Filter>
    </ClCompile>
    <ClCompile Include="LevelBehaviourFactory.cpp">
      <Filter>Source Files\Levels</Filter>
    </ClCompile>
    <ClCompile Include="LevelBetweenWavesBehaviour.cpp">
      <Filter>Source Files\Levels</Filter>
    </ClCompile>
    <ClCompile Include="LevelInWaveBehaviour.cpp">
      <Filter>Source Files\Levels</Filter>
    </ClCompile>
    <ClCompile Include="Vector.cpp">
      <Filter>Source Files</Filter>
    </ClCompile>
    <ClCompile Include="PauseButton.cpp">
      <Filter>Source Files\HUD</Filter>
    </ClCompile>
    <ClCompile Include="Turret.cpp">
      <Filter>Source Files\Turrets</Filter>
    </ClCompile>
    <ClCompile Include="Bullet.cpp">
      <Filter>Source Files\Turrets</Filter>
    </ClCompile>
    <ClCompile Include="TurretFactory.cpp">
      <Filter>Source Files\Turrets</Filter>
    </ClCompile>
    <ClCompile Include="SoldierTurret.cpp">
      <Filter>Source Files\Turrets</Filter>
    </ClCompile>
    <ClCompile Include="SniperTurret.cpp">
      <Filter>Source Files\Turrets</Filter>
    </ClCompile>
    <ClCompile Include="TurretBehaviourFactory.cpp">
      <Filter>Source Files\Turrets</Filter>
    </ClCompile>
    <ClCompile Include="TurretCalmBehaviour.cpp">
      <Filter>Source Files\Turrets</Filter>
    </ClCompile>
    <ClCompile Include="TurretBehaviour.cpp">
      <Filter>Source Files\Turrets</Filter>
    </ClCompile>
    <ClCompile Include="TurretAngryBehaviour.cpp">
      <Filter>Source Files\Turrets</Filter>
    </ClCompile>
    <ClCompile Include="TurretContainer.cpp">
      <Filter>Source Files\Turrets</Filter>
    </ClCompile>
    <ClCompile Include="Random.cpp">
      <Filter>Source Files</Filter>
    </ClCompile>
    <ClCompile Include="Animation.cpp">
      <Filter>Source Files\Graphics</Filter>
    </ClCompile>
  </ItemGroup>
</Project>